
Microsoft Visual Studio Solution File, Format Version 12.00
# Visual Studio Version 17
VisualStudioVersion = 17.14.36109.1 d17.14
MinimumVisualStudioVersion = 10.0.40219.1
Project("{FAE04EC0-301F-11D3-BF4B-00C04F79EFBC}") = "MascotasForeverAPI", "MascotasForeverAPI\MascotasForeverAPI.csproj", "{6FBB44E0-DD24-486F-9144-4BF60F55238E}"
EndProject
Global
	GlobalSection(SolutionConfigurationPlatforms) = preSolution
		Debug|Any CPU = Debug|Any CPU
		Release|Any CPU = Release|Any CPU
	EndGlobalSection
	GlobalSection(ProjectConfigurationPlatforms) = postSolution
		{6FBB44E0-DD24-486F-9144-4BF60F55238E}.Debug|Any CPU.ActiveCfg = Debug|Any CPU
		{6FBB44E0-DD24-486F-9144-4BF60F55238E}.Debug|Any CPU.Build.0 = Debug|Any CPU
		{6FBB44E0-DD24-486F-9144-4BF60F55238E}.Release|Any CPU.ActiveCfg = Release|Any CPU
		{6FBB44E0-DD24-486F-9144-4BF60F55238E}.Release|Any CPU.Build.0 = Release|Any CPU
	EndGlobalSection
	GlobalSection(SolutionProperties) = preSolution
		HideSolutionNode = FALSE
	EndGlobalSection
	GlobalSection(ExtensibilityGlobals) = postSolution
		SolutionGuid = {DD66F32A-927B-4D24-8842-98F37C3BB9A2}
	EndGlobalSection
EndGlobal
